// !$*UTF8*$!
{
	archiveVersion = 1;
	classes = {
	};
	objectVersion = 50;
	objects = {

/* Begin PBXBuildFile section */
		4933588024CBCF7500C559F4 /* AddBookView.swift in Sources */ = {isa = PBXBuildFile; fileRef = 4933587F24CBCF7500C559F4 /* AddBookView.swift */; };
		49428D8724CB82B400E0318A /* AppDelegate.swift in Sources */ = {isa = PBXBuildFile; fileRef = 49428D8624CB82B400E0318A /* AppDelegate.swift */; };
		49428D8924CB82B400E0318A /* SceneDelegate.swift in Sources */ = {isa = PBXBuildFile; fileRef = 49428D8824CB82B400E0318A /* SceneDelegate.swift */; };
		49428D8C24CB82B400E0318A /* Bookworm.xcdatamodeld in Sources */ = {isa = PBXBuildFile; fileRef = 49428D8A24CB82B400E0318A /* Bookworm.xcdatamodeld */; };
		49428D8E24CB82B400E0318A /* ContentView.swift in Sources */ = {isa = PBXBuildFile; fileRef = 49428D8D24CB82B400E0318A /* ContentView.swift */; };
		49428D9024CB82BB00E0318A /* Assets.xcassets in Resources */ = {isa = PBXBuildFile; fileRef = 49428D8F24CB82BB00E0318A /* Assets.xcassets */; };
		49428D9324CB82BB00E0318A /* Preview Assets.xcassets in Resources */ = {isa = PBXBuildFile; fileRef = 49428D9224CB82BB00E0318A /* Preview Assets.xcassets */; };
		49428D9624CB82BB00E0318A /* LaunchScreen.storyboard in Resources */ = {isa = PBXBuildFile; fileRef = 49428D9424CB82BB00E0318A /* LaunchScreen.storyboard */; };
		49566E6D24CC91A100F89554 /* RatingView.swift in Sources */ = {isa = PBXBuildFile; fileRef = 49566E6C24CC91A100F89554 /* RatingView.swift */; };
		49566E6F24CC9D9000F89554 /* EmojiRatingView.swift in Sources */ = {isa = PBXBuildFile; fileRef = 49566E6E24CC9D9000F89554 /* EmojiRatingView.swift */; };
		49566E7124CCA96300F89554 /* DetailView.swift in Sources */ = {isa = PBXBuildFile; fileRef = 49566E7024CCA96300F89554 /* DetailView.swift */; };
		49566E7324CCEB4900F89554 /* README.md in Resources */ = {isa = PBXBuildFile; fileRef = 49566E7224CCEB4900F89554 /* README.md */; };
/* End PBXBuildFile section */

/* Begin PBXFileReference section */
		4933587F24CBCF7500C559F4 /* AddBookView.swift */ = {isa = PBXFileReference; lastKnownFileType = sourcecode.swift; path = AddBookView.swift; sourceTree = "<group>"; };
		49428D8324CB82B300E0318A /* Bookworm.app */ = {isa = PBXFileReference; explicitFileType = wrapper.application; includeInIndex = 0; path = Bookworm.app; sourceTree = BUILT_PRODUCTS_DIR; };
		49428D8624CB82B400E0318A /* AppDelegate.swift */ = {isa = PBXFileReference; lastKnownFileType = sourcecode.swift; path = AppDelegate.swift; sourceTree = "<group>"; };
		49428D8824CB82B400E0318A /* SceneDelegate.swift */ = {isa = PBXFileReference; lastKnownFileType = sourcecode.swift; path = SceneDelegate.swift; sourceTree = "<group>"; };
		49428D8B24CB82B400E0318A /* Bookworm.xcdatamodel */ = {isa = PBXFileReference; lastKnownFileType = wrapper.xcdatamodel; path = Bookworm.xcdatamodel; sourceTree = "<group>"; };
		49428D8D24CB82B400E0318A /* ContentView.swift */ = {isa = PBXFileReference; lastKnownFileType = sourcecode.swift; path = ContentView.swift; sourceTree = "<group>"; };
		49428D8F24CB82BB00E0318A /* Assets.xcassets */ = {isa = PBXFileReference; lastKnownFileType = folder.assetcatalog; path = Assets.xcassets; sourceTree = "<group>"; };
		49428D9224CB82BB00E0318A /* Preview Assets.xcassets */ = {isa = PBXFileReference; lastKnownFileType = folder.assetcatalog; path = "Preview Assets.xcassets"; sourceTree = "<group>"; };
		49428D9524CB82BB00E0318A /* Base */ = {isa = PBXFileReference; lastKnownFileType = file.storyboard; name = Base; path = Base.lproj/LaunchScreen.storyboard; sourceTree = "<group>"; };
		49428D9724CB82BB00E0318A /* Info.plist */ = {isa = PBXFileReference; lastKnownFileType = text.plist.xml; path = Info.plist; sourceTree = "<group>"; };
		49566E6C24CC91A100F89554 /* RatingView.swift */ = {isa = PBXFileReference; lastKnownFileType = sourcecode.swift; path = RatingView.swift; sourceTree = "<group>"; };
		49566E6E24CC9D9000F89554 /* EmojiRatingView.swift */ = {isa = PBXFileReference; lastKnownFileType = sourcecode.swift; path = EmojiRatingView.swift; sourceTree = "<group>"; };
		49566E7024CCA96300F89554 /* DetailView.swift */ = {isa = PBXFileReference; lastKnownFileType = sourcecode.swift; path = DetailView.swift; sourceTree = "<group>"; };
		49566E7224CCEB4900F89554 /* README.md */ = {isa = PBXFileReference; lastKnownFileType = net.daringfireball.markdown; path = README.md; sourceTree = "<group>"; };
/* End PBXFileReference section */

/* Begin PBXFrameworksBuildPhase section */
		49428D8024CB82B300E0318A /* Frameworks */ = {
			isa = PBXFrameworksBuildPhase;
			buildActionMask = 2147483647;
			files = (
			);
			runOnlyForDeploymentPostprocessing = 0;
		};
/* End PBXFrameworksBuildPhase section */

/* Begin PBXGroup section */
		49428D7A24CB82B300E0318A = {
			isa = PBXGroup;
			children = (
				49566E7224CCEB4900F89554 /* README.md */,
				49428D8524CB82B300E0318A /* Bookworm */,
				49428D8424CB82B300E0318A /* Products */,
			);
			sourceTree = "<group>";
		};
		49428D8424CB82B300E0318A /* Products */ = {
			isa = PBXGroup;
			children = (
				49428D8324CB82B300E0318A /* Bookworm.app */,
			);
			name = Products;
			sourceTree = "<group>";
		};
		49428D8524CB82B300E0318A /* Bookworm */ = {
			isa = PBXGroup;
			children = (
				49428D8624CB82B400E0318A /* AppDelegate.swift */,
				49428D8824CB82B400E0318A /* SceneDelegate.swift */,
				49428D8D24CB82B400E0318A /* ContentView.swift */,
				4933587F24CBCF7500C559F4 /* AddBookView.swift */,
				49566E6E24CC9D9000F89554 /* EmojiRatingView.swift */,
				49566E6C24CC91A100F89554 /* RatingView.swift */,
				49566E7024CCA96300F89554 /* DetailView.swift */,
				49428D8F24CB82BB00E0318A /* Assets.xcassets */,
				49428D9424CB82BB00E0318A /* LaunchScreen.storyboard */,
				49428D9724CB82BB00E0318A /* Info.plist */,
				49428D8A24CB82B400E0318A /* Bookworm.xcdatamodeld */,
				49428D9124CB82BB00E0318A /* Preview Content */,
			);
			path = Bookworm;
			sourceTree = "<group>";
		};
		49428D9124CB82BB00E0318A /* Preview Content */ = {
			isa = PBXGroup;
			children = (
				49428D9224CB82BB00E0318A /* Preview Assets.xcassets */,
			);
			path = "Preview Content";
			sourceTree = "<group>";
		};
/* End PBXGroup section */

/* Begin PBXNativeTarget section */
		49428D8224CB82B300E0318A /* Bookworm */ = {
			isa = PBXNativeTarget;
			buildConfigurationList = 49428D9A24CB82BB00E0318A /* Build configuration list for PBXNativeTarget "Bookworm" */;
			buildPhases = (
				49428D7F24CB82B300E0318A /* Sources */,
				49428D8024CB82B300E0318A /* Frameworks */,
				49428D8124CB82B300E0318A /* Resources */,
			);
			buildRules = (
			);
			dependencies = (
			);
			name = Bookworm;
			productName = Bookworm;
			productReference = 49428D8324CB82B300E0318A /* Bookworm.app */;
			productType = "com.apple.product-type.application";
		};
/* End PBXNativeTarget section */

/* Begin PBXProject section */
		49428D7B24CB82B300E0318A /* Project object */ = {
			isa = PBXProject;
			attributes = {
				LastSwiftUpdateCheck = 1150;
				LastUpgradeCheck = 1150;
				ORGANIZATIONNAME = J;
				TargetAttributes = {
					49428D8224CB82B300E0318A = {
						CreatedOnToolsVersion = 11.5;
					};
				};
			};
			buildConfigurationList = 49428D7E24CB82B300E0318A /* Build configuration list for PBXProject "Bookworm" */;
			compatibilityVersion = "Xcode 9.3";
			developmentRegion = en;
			hasScannedForEncodings = 0;
			knownRegions = (
				en,
				Base,
			);
			mainGroup = 49428D7A24CB82B300E0318A;
			productRefGroup = 49428D8424CB82B300E0318A /* Products */;
			projectDirPath = "";
			projectRoot = "";
			targets = (
				49428D8224CB82B300E0318A /* Bookworm */,
			);
		};
/* End PBXProject section */

/* Begin PBXResourcesBuildPhase section */
		49428D8124CB82B300E0318A /* Resources */ = {
			isa = PBXResourcesBuildPhase;
			buildActionMask = 2147483647;
			files = (
				49428D9624CB82BB00E0318A /* LaunchScreen.storyboard in Resources */,
				49428D9324CB82BB00E0318A /* Preview Assets.xcassets in Resources */,
				49566E7324CCEB4900F89554 /* README.md in Resources */,
				49428D9024CB82BB00E0318A /* Assets.xcassets in Resources */,
			);
			runOnlyForDeploymentPostprocessing = 0;
		};
/* End PBXResourcesBuildPhase section */

/* Begin PBXSourcesBuildPhase section */
		49428D7F24CB82B300E0318A /* Sources */ = {
			isa = PBXSourcesBuildPhase;
			buildActionMask = 2147483647;
			files = (
				49428D8724CB82B400E0318A /* AppDelegate.swift in Sources */,
				49566E7124CCA96300F89554 /* DetailView.swift in Sources */,
				49428D8C24CB82B400E0318A /* Bookworm.xcdatamodeld in Sources */,
				49566E6F24CC9D9000F89554 /* EmojiRatingView.swift in Sources */,
				49428D8E24CB82B400E0318A /* ContentView.swift in Sources */,
				49566E6D24CC91A100F89554 /* RatingView.swift in Sources */,
				49428D8924CB82B400E0318A /* SceneDelegate.swift in Sources */,
				4933588024CBCF7500C559F4 /* AddBookView.swift in Sources */,
			);
			runOnlyForDeploymentPostprocessing = 0;
		};
/* End PBXSourcesBuildPhase section */

/* Begin PBXVariantGroup section */
		49428D9424CB82BB00E0318A /* LaunchScreen.storyboard */ = {
			isa = PBXVariantGroup;
			children = (
				49428D9524CB82BB00E0318A /* Base */,
			);
			name = LaunchScreen.storyboard;
			sourceTree = "<group>";
		};
/* End PBXVariantGroup section */

/* Begin XCBuildConfiguration section */
		49428D9824CB82BB00E0318A /* Debug */ = {
			isa = XCBuildConfiguration;
			buildSettings = {
				ALWAYS_SEARCH_USER_PATHS = NO;
				CLANG_ANALYZER_NONNULL = YES;
				CLANG_ANALYZER_NUMBER_OBJECT_CONVERSION = YES_AGGRESSIVE;
				CLANG_CXX_LANGUAGE_STANDARD = "gnu++14";
				CLANG_CXX_LIBRARY = "libc++";
				CLANG_ENABLE_MODULES = YES;
				CLANG_ENABLE_OBJC_ARC = YES;
				CLANG_ENABLE_OBJC_WEAK = YES;
				CLANG_WARN_BLOCK_CAPTURE_AUTORELEASING = YES;
				CLANG_WARN_BOOL_CONVERSION = YES;
				CLANG_WARN_COMMA = YES;
				CLANG_WARN_CONSTANT_CONVERSION = YES;
				CLANG_WARN_DEPRECATED_OBJC_IMPLEMENTATIONS = YES;
				CLANG_WARN_DIRECT_OBJC_ISA_USAGE = YES_ERROR;
				CLANG_WARN_DOCUMENTATION_COMMENTS = YES;
				CLANG_WARN_EMPTY_BODY = YES;
				CLANG_WARN_ENUM_CONVERSION = YES;
				CLANG_WARN_INFINITE_RECURSION = YES;
				CLANG_WARN_INT_CONVERSION = YES;
				CLANG_WARN_NON_LITERAL_NULL_CONVERSION = YES;
				CLANG_WARN_OBJC_IMPLICIT_RETAIN_SELF = YES;
				CLANG_WARN_OBJC_LITERAL_CONVERSION = YES;
				CLANG_WARN_OBJC_ROOT_CLASS = YES_ERROR;
				CLANG_WARN_RANGE_LOOP_ANALYSIS = YES;
				CLANG_WARN_STRICT_PROTOTYPES = YES;
				CLANG_WARN_SUSPICIOUS_MOVE = YES;
				CLANG_WARN_UNGUARDED_AVAILABILITY = YES_AGGRESSIVE;
				CLANG_WARN_UNREACHABLE_CODE = YES;
				CLANG_WARN__DUPLICATE_METHOD_MATCH = YES;
				COPY_PHASE_STRIP = NO;
				DEBUG_INFORMATION_FORMAT = dwarf;
				ENABLE_STRICT_OBJC_MSGSEND = YES;
				ENABLE_TESTABILITY = YES;
				GCC_C_LANGUAGE_STANDARD = gnu11;
				GCC_DYNAMIC_NO_PIC = NO;
				GCC_NO_COMMON_BLOCKS = YES;
				GCC_OPTIMIZATION_LEVEL = 0;
				GCC_PREPROCESSOR_DEFINITIONS = (
					"DEBUG=1",
					"$(inherited)",
				);
				GCC_WARN_64_TO_32_BIT_CONVERSION = YES;
				GCC_WARN_ABOUT_RETURN_TYPE = YES_ERROR;
				GCC_WARN_UNDECLARED_SELECTOR = YES;
				GCC_WARN_UNINITIALIZED_AUTOS = YES_AGGRESSIVE;
				GCC_WARN_UNUSED_FUNCTION = YES;
				GCC_WARN_UNUSED_VARIABLE = YES;
				IPHONEOS_DEPLOYMENT_TARGET = 13.5;
				MTL_ENABLE_DEBUG_INFO = INCLUDE_SOURCE;
				MTL_FAST_MATH = YES;
				ONLY_ACTIVE_ARCH = YES;
				SDKROOT = iphoneos;
				SWIFT_ACTIVE_COMPILATION_CONDITIONS = DEBUG;
				SWIFT_OPTIMIZATION_LEVEL = "-Onone";
			};
			name = Debug;
		};
		49428D9924CB82BB00E0318A /* Release */ = {
			isa = XCBuildConfiguration;
			buildSettings = {
				ALWAYS_SEARCH_USER_PATHS = NO;
				CLANG_ANALYZER_NONNULL = YES;
				CLANG_ANALYZER_NUMBER_OBJECT_CONVERSION = YES_AGGRESSIVE;
				CLANG_CXX_LANGUAGE_STANDARD = "gnu++14";
				CLANG_CXX_LIBRARY = "libc++";
				CLANG_ENABLE_MODULES = YES;
				CLANG_ENABLE_OBJC_ARC = YES;
				CLANG_ENABLE_OBJC_WEAK = YES;
				CLANG_WARN_BLOCK_CAPTURE_AUTORELEASING = YES;
				CLANG_WARN_BOOL_CONVERSION = YES;
				CLANG_WARN_COMMA = YES;
				CLANG_WARN_CONSTANT_CONVERSION = YES;
				CLANG_WARN_DEPRECATED_OBJC_IMPLEMENTATIONS = YES;
				CLANG_WARN_DIRECT_OBJC_ISA_USAGE = YES_ERROR;
				CLANG_WARN_DOCUMENTATION_COMMENTS = YES;
				CLANG_WARN_EMPTY_BODY = YES;
				CLANG_WARN_ENUM_CONVERSION = YES;
				CLANG_WARN_INFINITE_RECURSION = YES;
				CLANG_WARN_INT_CONVERSION = YES;
				CLANG_WARN_NON_LITERAL_NULL_CONVERSION = YES;
				CLANG_WARN_OBJC_IMPLICIT_RETAIN_SELF = YES;
				CLANG_WARN_OBJC_LITERAL_CONVERSION = YES;
				CLANG_WARN_OBJC_ROOT_CLASS = YES_ERROR;
				CLANG_WARN_RANGE_LOOP_ANALYSIS = YES;
				CLANG_WARN_STRICT_PROTOTYPES = YES;
				CLANG_WARN_SUSPICIOUS_MOVE = YES;
				CLANG_WARN_UNGUARDED_AVAILABILITY = YES_AGGRESSIVE;
				CLANG_WARN_UNREACHABLE_CODE = YES;
				CLANG_WARN__DUPLICATE_METHOD_MATCH = YES;
				COPY_PHASE_STRIP = NO;
				DEBUG_INFORMATION_FORMAT = "dwarf-with-dsym";
				ENABLE_NS_ASSERTIONS = NO;
				ENABLE_STRICT_OBJC_MSGSEND = YES;
				GCC_C_LANGUAGE_STANDARD = gnu11;
				GCC_NO_COMMON_BLOCKS = YES;
				GCC_WARN_64_TO_32_BIT_CONVERSION = YES;
				GCC_WARN_ABOUT_RETURN_TYPE = YES_ERROR;
				GCC_WARN_UNDECLARED_SELECTOR = YES;
				GCC_WARN_UNINITIALIZED_AUTOS = YES_AGGRESSIVE;
				GCC_WARN_UNUSED_FUNCTION = YES;
				GCC_WARN_UNUSED_VARIABLE = YES;
				IPHONEOS_DEPLOYMENT_TARGET = 13.5;
				MTL_ENABLE_DEBUG_INFO = NO;
				MTL_FAST_MATH = YES;
				SDKROOT = iphoneos;
				SWIFT_COMPILATION_MODE = wholemodule;
				SWIFT_OPTIMIZATION_LEVEL = "-O";
				VALIDATE_PRODUCT = YES;
			};
			name = Release;
		};
		49428D9B24CB82BB00E0318A /* Debug */ = {
			isa = XCBuildConfiguration;
			buildSettings = {
				ASSETCATALOG_COMPILER_APPICON_NAME = AppIcon;
				CODE_SIGN_STYLE = Automatic;
				DEVELOPMENT_ASSET_PATHS = "\"Bookworm/Preview Content\"";
				DEVELOPMENT_TEAM = 2RH2V33K5A;
				ENABLE_PREVIEWS = YES;
				INFOPLIST_FILE = Bookworm/Info.plist;
				LD_RUNPATH_SEARCH_PATHS = (
					"$(inherited)",
					"@executable_path/Frameworks",
				);
				PRODUCT_BUNDLE_IDENTIFIER = com.noName.Bookworm;
				PRODUCT_NAME = "$(TARGET_NAME)";
				SWIFT_VERSION = 5.0;
				TARGETED_DEVICE_FAMILY = "1,2";
			};
			name = Debug;
		};
		49428D9C24CB82BB00E0318A /* Release */ = {
			isa = XCBuildConfiguration;
			buildSettings = {
				ASSETCATALOG_COMPILER_APPICON_NAME = AppIcon;
				CODE_SIGN_STYLE = Automatic;
				DEVELOPMENT_ASSET_PATHS = "\"Bookworm/Preview Content\"";
				DEVELOPMENT_TEAM = 2RH2V33K5A;
				ENABLE_PREVIEWS = YES;
				INFOPLIST_FILE = Bookworm/Info.plist;
				LD_RUNPATH_SEARCH_PATHS = (
					"$(inherited)",
					"@executable_path/Frameworks",
				);
				PRODUCT_BUNDLE_IDENTIFIER = com.noName.Bookworm;
				PRODUCT_NAME = "$(TARGET_NAME)";
				SWIFT_VERSION = 5.0;
				TARGETED_DEVICE_FAMILY = "1,2";
			};
			name = Release;
		};
/* End XCBuildConfiguration section */

/* Begin XCConfigurationList section */
		49428D7E24CB82B300E0318A /* Build configuration list for PBXProject "Bookworm" */ = {
			isa = XCConfigurationList;
			buildConfigurations = (
				49428D9824CB82BB00E0318A /* Debug */,
				49428D9924CB82BB00E0318A /* Release */,
			);
			defaultConfigurationIsVisible = 0;
			defaultConfigurationName = Release;
		};
		49428D9A24CB82BB00E0318A /* Build configuration list for PBXNativeTarget "Bookworm" */ = {
			isa = XCConfigurationList;
			buildConfigurations = (
				49428D9B24CB82BB00E0318A /* Debug */,
				49428D9C24CB82BB00E0318A /* Release */,
			);
			defaultConfigurationIsVisible = 0;
			defaultConfigurationName = Release;
		};
/* End XCConfigurationList section */

/* Begin XCVersionGroup section */
		49428D8A24CB82B400E0318A /* Bookworm.xcdatamodeld */ = {
			isa = XCVersionGroup;
			children = (
				49428D8B24CB82B400E0318A /* Bookworm.xcdatamodel */,
			);
			currentVersion = 49428D8B24CB82B400E0318A /* Bookworm.xcdatamodel */;
			path = Bookworm.xcdatamodeld;
			sourceTree = "<group>";
			versionGroupType = wrapper.xcdatamodel;
		};
/* End XCVersionGroup section */
	};
	rootObject = 49428D7B24CB82B300E0318A /* Project object */;
}
